
Microsoft Visual Studio Solution File, Format Version 12.00
# Visual Studio Version 16
VisualStudioVersion = 16.0.29306.81
MinimumVisualStudioVersion = 10.0.40219.1
Project("{9A19103F-16F7-4668-BE54-9A1E7A4F7556}") = "suncity.web", "suncity.web.csproj", "{7904FB16-476D-4D89-A22E-ABBCD0004A6B}"
EndProject
Global
	GlobalSection(SolutionConfigurationPlatforms) = preSolution
		Debug|Any CPU = Debug|Any CPU
		Release|Any CPU = Release|Any CPU
	EndGlobalSection
	GlobalSection(ProjectConfigurationPlatforms) = postSolution
		{7904FB16-476D-4D89-A22E-ABBCD0004A6B}.Debug|Any CPU.ActiveCfg = Debug|Any CPU
		{7904FB16-476D-4D89-A22E-ABBCD0004A6B}.Debug|Any CPU.Build.0 = Debug|Any CPU
		{7904FB16-476D-4D89-A22E-ABBCD0004A6B}.Release|Any CPU.ActiveCfg = Release|Any CPU
		{7904FB16-476D-4D89-A22E-ABBCD0004A6B}.Release|Any CPU.Build.0 = Release|Any CPU
	EndGlobalSection
	GlobalSection(SolutionProperties) = preSolution
		HideSolutionNode = FALSE
	EndGlobalSection
	GlobalSection(ExtensibilityGlobals) = postSolution
		SolutionGuid = {846B9612-E78F-4019-9A1D-FBB0D757FFA6}
	EndGlobalSection
EndGlobal
